<Solution>
  <Folder Name="/src/">
    <Project Path="src/Crm.Domain/Crm.Domain.csproj" />
    <Project Path="src/Crm.Application/Crm.Application.csproj" />
    <Project Path="src/Crm.Infrastructure/Crm.Infrastructure.csproj" />
    <Project Path="src/Crm.Api/Crm.Api.csproj" />
    <Project Path="src/Crm.Web/Crm.Web.csproj" />
  </Folder>
  <Folder Name="/tests/">
    <Project Path="tests/Crm.Application.Tests/Crm.Application.Tests.csproj" />
  </Folder>
</Solution>
